
Microsoft Visual Studio Solution File, Format Version 12.00
# Visual Studio Version 16
VisualStudioVersion = 16.0.31424.327
MinimumVisualStudioVersion = 10.0.40219.1
Project("{FAE04EC0-301F-11D3-BF4B-00C04F79EFBC}") = "LowCodeAPI.Server", "LowCodeAPI\Server\LowCodeAPI.Server.csproj", "{40A115C6-E5AC-4C1C-9AB4-18AD8FD85520}"
EndProject
Project("{FAE04EC0-301F-11D3-BF4B-00C04F79EFBC}") = "LowCodeAPI.Client", "LowCodeAPI\Client\LowCodeAPI.Client.csproj", "{261D916A-A30B-470E-8DB0-C0DFF2A53A1E}"
EndProject
Project("{FAE04EC0-301F-11D3-BF4B-00C04F79EFBC}") = "LowCodeAPI.Shared", "LowCodeAPI\Shared\LowCodeAPI.Shared.csproj", "{6648528C-3E82-4428-B137-FDED1B7E8A44}"
EndProject
Global
	GlobalSection(SolutionConfigurationPlatforms) = preSolution
		Debug|Any CPU = Debug|Any CPU
		Release|Any CPU = Release|Any CPU
	EndGlobalSection
	GlobalSection(ProjectConfigurationPlatforms) = postSolution
		{40A115C6-E5AC-4C1C-9AB4-18AD8FD85520}.Debug|Any CPU.ActiveCfg = Debug|Any CPU
		{40A115C6-E5AC-4C1C-9AB4-18AD8FD85520}.Debug|Any CPU.Build.0 = Debug|Any CPU
		{40A115C6-E5AC-4C1C-9AB4-18AD8FD85520}.Release|Any CPU.ActiveCfg = Release|Any CPU
		{40A115C6-E5AC-4C1C-9AB4-18AD8FD85520}.Release|Any CPU.Build.0 = Release|Any CPU
		{261D916A-A30B-470E-8DB0-C0DFF2A53A1E}.Debug|Any CPU.ActiveCfg = Debug|Any CPU
		{261D916A-A30B-470E-8DB0-C0DFF2A53A1E}.Debug|Any CPU.Build.0 = Debug|Any CPU
		{261D916A-A30B-470E-8DB0-C0DFF2A53A1E}.Release|Any CPU.ActiveCfg = Release|Any CPU
		{261D916A-A30B-470E-8DB0-C0DFF2A53A1E}.Release|Any CPU.Build.0 = Release|Any CPU
		{6648528C-3E82-4428-B137-FDED1B7E8A44}.Debug|Any CPU.ActiveCfg = Debug|Any CPU
		{6648528C-3E82-4428-B137-FDED1B7E8A44}.Debug|Any CPU.Build.0 = Debug|Any CPU
		{6648528C-3E82-4428-B137-FDED1B7E8A44}.Release|Any CPU.ActiveCfg = Release|Any CPU
		{6648528C-3E82-4428-B137-FDED1B7E8A44}.Release|Any CPU.Build.0 = Release|Any CPU
	EndGlobalSection
	GlobalSection(SolutionProperties) = preSolution
		HideSolutionNode = FALSE
	EndGlobalSection
	GlobalSection(ExtensibilityGlobals) = postSolution
		SolutionGuid = {47B13CDE-526A-4617-9DF1-7E4B80208021}
	EndGlobalSection
EndGlobal
